
Microsoft Visual Studio Solution File, Format Version 12.00
# Visual Studio Version 17
VisualStudioVersion = 17.7.34031.279
MinimumVisualStudioVersion = 10.0.40219.1
Project("{FAE04EC0-301F-11D3-BF4B-00C04F79EFBC}") = "Magdalaga_DIPActivity2", "Magdalaga_DIPActivity2\Magdalaga_DIPActivity2.csproj", "{8C1A730E-B1C7-4CBD-B274-5D3C1C63044B}"
EndProject
Global
	GlobalSection(SolutionConfigurationPlatforms) = preSolution
		Debug|Any CPU = Debug|Any CPU
		Release|Any CPU = Release|Any CPU
	EndGlobalSection
	GlobalSection(ProjectConfigurationPlatforms) = postSolution
		{8C1A730E-B1C7-4CBD-B274-5D3C1C63044B}.Debug|Any CPU.ActiveCfg = Debug|Any CPU
		{8C1A730E-B1C7-4CBD-B274-5D3C1C63044B}.Debug|Any CPU.Build.0 = Debug|Any CPU
		{8C1A730E-B1C7-4CBD-B274-5D3C1C63044B}.Release|Any CPU.ActiveCfg = Release|Any CPU
		{8C1A730E-B1C7-4CBD-B274-5D3C1C63044B}.Release|Any CPU.Build.0 = Release|Any CPU
	EndGlobalSection
	GlobalSection(SolutionProperties) = preSolution
		HideSolutionNode = FALSE
	EndGlobalSection
	GlobalSection(ExtensibilityGlobals) = postSolution
		SolutionGuid = {4617A88D-B611-4BC8-9CCC-62BAE8D3507C}
	EndGlobalSection
EndGlobal
